// !$*UTF8*$!
{
	archiveVersion = 1;
	classes = {
	};
	objectVersion = 56;
	objects = {

/* Begin PBXBuildFile section */
		E3386656297DF06E006BFF33 /* AppDelegate.swift in Sources */ = {isa = PBXBuildFile; fileRef = E3386655297DF06E006BFF33 /* AppDelegate.swift */; };
		E3386658297DF06E006BFF33 /* GameScene.sks in Resources */ = {isa = PBXBuildFile; fileRef = E3386657297DF06E006BFF33 /* GameScene.sks */; };
		E338665A297DF06E006BFF33 /* Actions.sks in Resources */ = {isa = PBXBuildFile; fileRef = E3386659297DF06E006BFF33 /* Actions.sks */; };
		E338665C297DF06E006BFF33 /* GameScene.swift in Sources */ = {isa = PBXBuildFile; fileRef = E338665B297DF06E006BFF33 /* GameScene.swift */; };
		E338665E297DF06E006BFF33 /* GameViewController.swift in Sources */ = {isa = PBXBuildFile; fileRef = E338665D297DF06E006BFF33 /* GameViewController.swift */; };
		E3386661297DF06E006BFF33 /* Main.storyboard in Resources */ = {isa = PBXBuildFile; fileRef = E338665F297DF06E006BFF33 /* Main.storyboard */; };
		E3386663297DF06F006BFF33 /* Assets.xcassets in Resources */ = {isa = PBXBuildFile; fileRef = E3386662297DF06F006BFF33 /* Assets.xcassets */; };
		E3386666297DF06F006BFF33 /* LaunchScreen.storyboard in Resources */ = {isa = PBXBuildFile; fileRef = E3386664297DF06F006BFF33 /* LaunchScreen.storyboard */; };
		E33866E4297DF48B006BFF33 /* GameObject.swift in Sources */ = {isa = PBXBuildFile; fileRef = E33866E3297DF48B006BFF33 /* GameObject.swift */; };
		E33866E6297DF94F006BFF33 /* GameProtocol.swift in Sources */ = {isa = PBXBuildFile; fileRef = E33866E5297DF94F006BFF33 /* GameProtocol.swift */; };
		E3386729297DFD0F006BFF33 /* bullet.png in Resources */ = {isa = PBXBuildFile; fileRef = E33866F0297DFD0F006BFF33 /* bullet.png */; };
		E338672A297DFD0F006BFF33 /* plane3.png in Resources */ = {isa = PBXBuildFile; fileRef = E33866F1297DFD0F006BFF33 /* plane3.png */; };
		E338672B297DFD0F006BFF33 /* plane2.png in Resources */ = {isa = PBXBuildFile; fileRef = E33866F2297DFD0F006BFF33 /* plane2.png */; };
		E338672C297DFD0F006BFF33 /* plane1.png in Resources */ = {isa = PBXBuildFile; fileRef = E33866F3297DFD0F006BFF33 /* plane1.png */; };
		E338672D297DFD0F006BFF33 /* backButton.png in Resources */ = {isa = PBXBuildFile; fileRef = E33866F4297DFD0F006BFF33 /* backButton.png */; };
		E338672E297DFD0F006BFF33 /* plane.png in Resources */ = {isa = PBXBuildFile; fileRef = E33866F5297DFD0F006BFF33 /* plane.png */; };
		E338672F297DFD0F006BFF33 /* island.png in Resources */ = {isa = PBXBuildFile; fileRef = E33866F6297DFD0F006BFF33 /* island.png */; };
		E3386730297DFD0F006BFF33 /* planeflash2.png in Resources */ = {isa = PBXBuildFile; fileRef = E33866F7297DFD0F006BFF33 /* planeflash2.png */; };
		E3386731297DFD0F006BFF33 /* clickMeButton.png in Resources */ = {isa = PBXBuildFile; fileRef = E33866F8297DFD0F006BFF33 /* clickMeButton.png */; };
		E3386732297DFD0F006BFF33 /* planeflash1.png in Resources */ = {isa = PBXBuildFile; fileRef = E33866F9297DFD0F006BFF33 /* planeflash1.png */; };
		E3386733297DFD0F006BFF33 /* ocean.gif in Resources */ = {isa = PBXBuildFile; fileRef = E33866FA297DFD0F006BFF33 /* ocean.gif */; };
		E3386734297DFD0F006BFF33 /* coin08.png in Resources */ = {isa = PBXBuildFile; fileRef = E33866FB297DFD0F006BFF33 /* coin08.png */; };
		E3386735297DFD0F006BFF33 /* coin09.png in Resources */ = {isa = PBXBuildFile; fileRef = E33866FC297DFD0F006BFF33 /* coin09.png */; };
		E3386736297DFD0F006BFF33 /* restartButton.png in Resources */ = {isa = PBXBuildFile; fileRef = E33866FD297DFD0F006BFF33 /* restartButton.png */; };
		E3386737297DFD0F006BFF33 /* coin10.png in Resources */ = {isa = PBXBuildFile; fileRef = E33866FE297DFD0F006BFF33 /* coin10.png */; };
		E3386738297DFD0F006BFF33 /* coin04.png in Resources */ = {isa = PBXBuildFile; fileRef = E33866FF297DFD0F006BFF33 /* coin04.png */; };
		E3386739297DFD0F006BFF33 /* smallexplosion4.png in Resources */ = {isa = PBXBuildFile; fileRef = E3386700297DFD0F006BFF33 /* smallexplosion4.png */; };
		E338673A297DFD0F006BFF33 /* smallexplosion5.png in Resources */ = {isa = PBXBuildFile; fileRef = E3386701297DFD0F006BFF33 /* smallexplosion5.png */; };
		E338673B297DFD0F006BFF33 /* coin05.png in Resources */ = {isa = PBXBuildFile; fileRef = E3386702297DFD0F006BFF33 /* coin05.png */; };
		E338673C297DFD0F006BFF33 /* coin07.png in Resources */ = {isa = PBXBuildFile; fileRef = E3386703297DFD0F006BFF33 /* coin07.png */; };
		E338673D297DFD0F006BFF33 /* smallexplosion6.png in Resources */ = {isa = PBXBuildFile; fileRef = E3386704297DFD0F006BFF33 /* smallexplosion6.png */; };
		E338673E297DFD0F006BFF33 /* coin06.png in Resources */ = {isa = PBXBuildFile; fileRef = E3386705297DFD0F006BFF33 /* coin06.png */; };
		E338673F297DFD0F006BFF33 /* cloud.png in Resources */ = {isa = PBXBuildFile; fileRef = E3386706297DFD0F006BFF33 /* cloud.png */; };
		E3386740297DFD0F006BFF33 /* coin02.png in Resources */ = {isa = PBXBuildFile; fileRef = E3386707297DFD0F006BFF33 /* coin02.png */; };
		E3386741297DFD0F006BFF33 /* smallexplosion2.png in Resources */ = {isa = PBXBuildFile; fileRef = E3386708297DFD0F006BFF33 /* smallexplosion2.png */; };
		E3386742297DFD0F006BFF33 /* smallexplosion3.png in Resources */ = {isa = PBXBuildFile; fileRef = E3386709297DFD0F006BFF33 /* smallexplosion3.png */; };
		E3386743297DFD0F006BFF33 /* coin03.png in Resources */ = {isa = PBXBuildFile; fileRef = E338670A297DFD0F006BFF33 /* coin03.png */; };
		E3386744297DFD0F006BFF33 /* coin01.png in Resources */ = {isa = PBXBuildFile; fileRef = E338670B297DFD0F006BFF33 /* coin01.png */; };
		E3386745297DFD0F006BFF33 /* smallexplosion1.png in Resources */ = {isa = PBXBuildFile; fileRef = E338670C297DFD0F006BFF33 /* smallexplosion1.png */; };
		E3386746297DFD0F006BFF33 /* nextButton.png in Resources */ = {isa = PBXBuildFile; fileRef = E338670D297DFD0F006BFF33 /* nextButton.png */; };
		E3386747297DFD0F006BFF33 /* explosion1.png in Resources */ = {isa = PBXBuildFile; fileRef = E338670E297DFD0F006BFF33 /* explosion1.png */; };
		E3386748297DFD0F006BFF33 /* enemy1.png in Resources */ = {isa = PBXBuildFile; fileRef = E338670F297DFD0F006BFF33 /* enemy1.png */; };
		E3386749297DFD0F006BFF33 /* explosion2.png in Resources */ = {isa = PBXBuildFile; fileRef = E3386710297DFD0F006BFF33 /* explosion2.png */; };
		E338674A297DFD0F006BFF33 /* enemy3.png in Resources */ = {isa = PBXBuildFile; fileRef = E3386711297DFD0F006BFF33 /* enemy3.png */; };
		E338674B297DFD0F006BFF33 /* enemy2.png in Resources */ = {isa = PBXBuildFile; fileRef = E3386712297DFD0F006BFF33 /* enemy2.png */; };
		E338674C297DFD0F006BFF33 /* explosion3.png in Resources */ = {isa = PBXBuildFile; fileRef = E3386713297DFD0F006BFF33 /* explosion3.png */; };
		E338674D297DFD0F006BFF33 /* explosion7.png in Resources */ = {isa = PBXBuildFile; fileRef = E3386714297DFD0F006BFF33 /* explosion7.png */; };
		E338674E297DFD0F006BFF33 /* startButton.png in Resources */ = {isa = PBXBuildFile; fileRef = E3386715297DFD0F006BFF33 /* startButton.png */; };
		E338674F297DFD0F006BFF33 /* explosion6.png in Resources */ = {isa = PBXBuildFile; fileRef = E3386716297DFD0F006BFF33 /* explosion6.png */; };
		E3386750297DFD0F006BFF33 /* explosion4.png in Resources */ = {isa = PBXBuildFile; fileRef = E3386717297DFD0F006BFF33 /* explosion4.png */; };
		E3386751297DFD0F006BFF33 /* explosion5.png in Resources */ = {isa = PBXBuildFile; fileRef = E3386718297DFD0F006BFF33 /* explosion5.png */; };
		E3386752297DFD0F006BFF33 /* life.wav in Resources */ = {isa = PBXBuildFile; fileRef = E338671A297DFD0F006BFF33 /* life.wav */; };
		E3386753297DFD0F006BFF33 /* explosion.mp3 in Resources */ = {isa = PBXBuildFile; fileRef = E338671B297DFD0F006BFF33 /* explosion.mp3 */; };
		E3386754297DFD0F006BFF33 /* thunder.ogg in Resources */ = {isa = PBXBuildFile; fileRef = E338671C297DFD0F006BFF33 /* thunder.ogg */; };
		E3386755297DFD0F006BFF33 /* yay.ogg in Resources */ = {isa = PBXBuildFile; fileRef = E338671D297DFD0F006BFF33 /* yay.ogg */; };
		E3386756297DFD0F006BFF33 /* engine.ogg in Resources */ = {isa = PBXBuildFile; fileRef = E338671E297DFD0F006BFF33 /* engine.ogg */; };
		E3386757297DFD0F006BFF33 /* coin.wav in Resources */ = {isa = PBXBuildFile; fileRef = E338671F297DFD0F006BFF33 /* coin.wav */; };
		E3386758297DFD0F006BFF33 /* bullet.mp3 in Resources */ = {isa = PBXBuildFile; fileRef = E3386720297DFD0F006BFF33 /* bullet.mp3 */; };
		E3386759297DFD0F006BFF33 /* textureAtlas.png in Resources */ = {isa = PBXBuildFile; fileRef = E3386722297DFD0F006BFF33 /* textureAtlas.png */; };
		E338675A297DFD0F006BFF33 /* textureAtlas.json in Resources */ = {isa = PBXBuildFile; fileRef = E3386723297DFD0F006BFF33 /* textureAtlas.json */; };
		E338675B297DFD0F006BFF33 /* MailPilotDemoProject.tps in Resources */ = {isa = PBXBuildFile; fileRef = E3386724297DFD0F006BFF33 /* MailPilotDemoProject.tps */; };
		E338675C297DFD0F006BFF33 /* dock51.woff in Resources */ = {isa = PBXBuildFile; fileRef = E3386726297DFD0F006BFF33 /* dock51.woff */; };
		E338675D297DFD0F006BFF33 /* dock51.woff2 in Resources */ = {isa = PBXBuildFile; fileRef = E3386727297DFD0F006BFF33 /* dock51.woff2 */; };
		E338675E297DFD0F006BFF33 /* Dock51.ttf in Resources */ = {isa = PBXBuildFile; fileRef = E3386728297DFD0F006BFF33 /* Dock51.ttf */; };
		E3386760297DFDB1006BFF33 /* ocean.png in Resources */ = {isa = PBXBuildFile; fileRef = E338675F297DFDB1006BFF33 /* ocean.png */; };
		E3386763297DFEE5006BFF33 /* Ocean.swift in Sources */ = {isa = PBXBuildFile; fileRef = E3386762297DFEE5006BFF33 /* Ocean.swift */; };
/* End PBXBuildFile section */

/* Begin PBXFileReference section */
		E3386652297DF06E006BFF33 /* MAPD724-W2023-ICE1A.app */ = {isa = PBXFileReference; explicitFileType = wrapper.application; includeInIndex = 0; path = "MAPD724-W2023-ICE1A.app"; sourceTree = BUILT_PRODUCTS_DIR; };
		E3386655297DF06E006BFF33 /* AppDelegate.swift */ = {isa = PBXFileReference; lastKnownFileType = sourcecode.swift; path = AppDelegate.swift; sourceTree = "<group>"; };
		E3386657297DF06E006BFF33 /* GameScene.sks */ = {isa = PBXFileReference; lastKnownFileType = file.sks; path = GameScene.sks; sourceTree = "<group>"; };
		E3386659297DF06E006BFF33 /* Actions.sks */ = {isa = PBXFileReference; lastKnownFileType = file.sks; path = Actions.sks; sourceTree = "<group>"; };
		E338665B297DF06E006BFF33 /* GameScene.swift */ = {isa = PBXFileReference; lastKnownFileType = sourcecode.swift; path = GameScene.swift; sourceTree = "<group>"; };
		E338665D297DF06E006BFF33 /* GameViewController.swift */ = {isa = PBXFileReference; lastKnownFileType = sourcecode.swift; path = GameViewController.swift; sourceTree = "<group>"; };
		E3386660297DF06E006BFF33 /* Base */ = {isa = PBXFileReference; lastKnownFileType = file.storyboard; name = Base; path = Base.lproj/Main.storyboard; sourceTree = "<group>"; };
		E3386662297DF06F006BFF33 /* Assets.xcassets */ = {isa = PBXFileReference; lastKnownFileType = folder.assetcatalog; path = Assets.xcassets; sourceTree = "<group>"; };
		E3386665297DF06F006BFF33 /* Base */ = {isa = PBXFileReference; lastKnownFileType = file.storyboard; name = Base; path = Base.lproj/LaunchScreen.storyboard; sourceTree = "<group>"; };
		E33866E3297DF48B006BFF33 /* GameObject.swift */ = {isa = PBXFileReference; lastKnownFileType = sourcecode.swift; path = GameObject.swift; sourceTree = "<group>"; };
		E33866E5297DF94F006BFF33 /* GameProtocol.swift */ = {isa = PBXFileReference; lastKnownFileType = sourcecode.swift; path = GameProtocol.swift; sourceTree = "<group>"; };
		E33866F0297DFD0F006BFF33 /* bullet.png */ = {isa = PBXFileReference; lastKnownFileType = image.png; path = bullet.png; sourceTree = "<group>"; };
		E33866F1297DFD0F006BFF33 /* plane3.png */ = {isa = PBXFileReference; lastKnownFileType = image.png; path = plane3.png; sourceTree = "<group>"; };
		E33866F2297DFD0F006BFF33 /* plane2.png */ = {isa = PBXFileReference; lastKnownFileType = image.png; path = plane2.png; sourceTree = "<group>"; };
		E33866F3297DFD0F006BFF33 /* plane1.png */ = {isa = PBXFileReference; lastKnownFileType = image.png; path = plane1.png; sourceTree = "<group>"; };
		E33866F4297DFD0F006BFF33 /* backButton.png */ = {isa = PBXFileReference; lastKnownFileType = image.png; path = backButton.png; sourceTree = "<group>"; };
		E33866F5297DFD0F006BFF33 /* plane.png */ = {isa = PBXFileReference; lastKnownFileType = image.png; path = plane.png; sourceTree = "<group>"; };
		E33866F6297DFD0F006BFF33 /* island.png */ = {isa = PBXFileReference; lastKnownFileType = image.png; path = island.png; sourceTree = "<group>"; };
		E33866F7297DFD0F006BFF33 /* planeflash2.png */ = {isa = PBXFileReference; lastKnownFileType = image.png; path = planeflash2.png; sourceTree = "<group>"; };
		E33866F8297DFD0F006BFF33 /* clickMeButton.png */ = {isa = PBXFileReference; lastKnownFileType = image.png; path = clickMeButton.png; sourceTree = "<group>"; };
		E33866F9297DFD0F006BFF33 /* planeflash1.png */ = {isa = PBXFileReference; lastKnownFileType = image.png; path = planeflash1.png; sourceTree = "<group>"; };
		E33866FA297DFD0F006BFF33 /* ocean.gif */ = {isa = PBXFileReference; lastKnownFileType = image.gif; path = ocean.gif; sourceTree = "<group>"; };
		E33866FB297DFD0F006BFF33 /* coin08.png */ = {isa = PBXFileReference; lastKnownFileType = image.png; path = coin08.png; sourceTree = "<group>"; };
		E33866FC297DFD0F006BFF33 /* coin09.png */ = {isa = PBXFileReference; lastKnownFileType = image.png; path = coin09.png; sourceTree = "<group>"; };
		E33866FD297DFD0F006BFF33 /* restartButton.png */ = {isa = PBXFileReference; lastKnownFileType = image.png; path = restartButton.png; sourceTree = "<group>"; };
		E33866FE297DFD0F006BFF33 /* coin10.png */ = {isa = PBXFileReference; lastKnownFileType = image.png; path = coin10.png; sourceTree = "<group>"; };
		E33866FF297DFD0F006BFF33 /* coin04.png */ = {isa = PBXFileReference; lastKnownFileType = image.png; path = coin04.png; sourceTree = "<group>"; };
		E3386700297DFD0F006BFF33 /* smallexplosion4.png */ = {isa = PBXFileReference; lastKnownFileType = image.png; path = smallexplosion4.png; sourceTree = "<group>"; };
		E3386701297DFD0F006BFF33 /* smallexplosion5.png */ = {isa = PBXFileReference; lastKnownFileType = image.png; path = smallexplosion5.png; sourceTree = "<group>"; };
		E3386702297DFD0F006BFF33 /* coin05.png */ = {isa = PBXFileReference; lastKnownFileType = image.png; path = coin05.png; sourceTree = "<group>"; };
		E3386703297DFD0F006BFF33 /* coin07.png */ = {isa = PBXFileReference; lastKnownFileType = image.png; path = coin07.png; sourceTree = "<group>"; };
		E3386704297DFD0F006BFF33 /* smallexplosion6.png */ = {isa = PBXFileReference; lastKnownFileType = image.png; path = smallexplosion6.png; sourceTree = "<group>"; };
		E3386705297DFD0F006BFF33 /* coin06.png */ = {isa = PBXFileReference; lastKnownFileType = image.png; path = coin06.png; sourceTree = "<group>"; };
		E3386706297DFD0F006BFF33 /* cloud.png */ = {isa = PBXFileReference; lastKnownFileType = image.png; path = cloud.png; sourceTree = "<group>"; };
		E3386707297DFD0F006BFF33 /* coin02.png */ = {isa = PBXFileReference; lastKnownFileType = image.png; path = coin02.png; sourceTree = "<group>"; };
		E3386708297DFD0F006BFF33 /* smallexplosion2.png */ = {isa = PBXFileReference; lastKnownFileType = image.png; path = smallexplosion2.png; sourceTree = "<group>"; };
		E3386709297DFD0F006BFF33 /* smallexplosion3.png */ = {isa = PBXFileReference; lastKnownFileType = image.png; path = smallexplosion3.png; sourceTree = "<group>"; };
		E338670A297DFD0F006BFF33 /* coin03.png */ = {isa = PBXFileReference; lastKnownFileType = image.png; path = coin03.png; sourceTree = "<group>"; };
		E338670B297DFD0F006BFF33 /* coin01.png */ = {isa = PBXFileReference; lastKnownFileType = image.png; path = coin01.png; sourceTree = "<group>"; };
		E338670C297DFD0F006BFF33 /* smallexplosion1.png */ = {isa = PBXFileReference; lastKnownFileType = image.png; path = smallexplosion1.png; sourceTree = "<group>"; };
		E338670D297DFD0F006BFF33 /* nextButton.png */ = {isa = PBXFileReference; lastKnownFileType = image.png; path = nextButton.png; sourceTree = "<group>"; };
		E338670E297DFD0F006BFF33 /* explosion1.png */ = {isa = PBXFileReference; lastKnownFileType = image.png; path = explosion1.png; sourceTree = "<group>"; };
		E338670F297DFD0F006BFF33 /* enemy1.png */ = {isa = PBXFileReference; lastKnownFileType = image.png; path = enemy1.png; sourceTree = "<group>"; };
		E3386710297DFD0F006BFF33 /* explosion2.png */ = {isa = PBXFileReference; lastKnownFileType = image.png; path = explosion2.png; sourceTree = "<group>"; };
		E3386711297DFD0F006BFF33 /* enemy3.png */ = {isa = PBXFileReference; lastKnownFileType = image.png; path = enemy3.png; sourceTree = "<group>"; };
		E3386712297DFD0F006BFF33 /* enemy2.png */ = {isa = PBXFileReference; lastKnownFileType = image.png; path = enemy2.png; sourceTree = "<group>"; };
		E3386713297DFD0F006BFF33 /* explosion3.png */ = {isa = PBXFileReference; lastKnownFileType = image.png; path = explosion3.png; sourceTree = "<group>"; };
		E3386714297DFD0F006BFF33 /* explosion7.png */ = {isa = PBXFileReference; lastKnownFileType = image.png; path = explosion7.png; sourceTree = "<group>"; };
		E3386715297DFD0F006BFF33 /* startButton.png */ = {isa = PBXFileReference; lastKnownFileType = image.png; path = startButton.png; sourceTree = "<group>"; };
		E3386716297DFD0F006BFF33 /* explosion6.png */ = {isa = PBXFileReference; lastKnownFileType = image.png; path = explosion6.png; sourceTree = "<group>"; };
		E3386717297DFD0F006BFF33 /* explosion4.png */ = {isa = PBXFileReference; lastKnownFileType = image.png; path = explosion4.png; sourceTree = "<group>"; };
		E3386718297DFD0F006BFF33 /* explosion5.png */ = {isa = PBXFileReference; lastKnownFileType = image.png; path = explosion5.png; sourceTree = "<group>"; };
		E338671A297DFD0F006BFF33 /* life.wav */ = {isa = PBXFileReference; lastKnownFileType = audio.wav; path = life.wav; sourceTree = "<group>"; };
		E338671B297DFD0F006BFF33 /* explosion.mp3 */ = {isa = PBXFileReference; lastKnownFileType = audio.mp3; path = explosion.mp3; sourceTree = "<group>"; };
		E338671C297DFD0F006BFF33 /* thunder.ogg */ = {isa = PBXFileReference; lastKnownFileType = file; path = thunder.ogg; sourceTree = "<group>"; };
		E338671D297DFD0F006BFF33 /* yay.ogg */ = {isa = PBXFileReference; lastKnownFileType = file; path = yay.ogg; sourceTree = "<group>"; };
		E338671E297DFD0F006BFF33 /* engine.ogg */ = {isa = PBXFileReference; lastKnownFileType = file; path = engine.ogg; sourceTree = "<group>"; };
		E338671F297DFD0F006BFF33 /* coin.wav */ = {isa = PBXFileReference; lastKnownFileType = audio.wav; path = coin.wav; sourceTree = "<group>"; };
		E3386720297DFD0F006BFF33 /* bullet.mp3 */ = {isa = PBXFileReference; lastKnownFileType = audio.mp3; path = bullet.mp3; sourceTree = "<group>"; };
		E3386722297DFD0F006BFF33 /* textureAtlas.png */ = {isa = PBXFileReference; lastKnownFileType = image.png; path = textureAtlas.png; sourceTree = "<group>"; };
		E3386723297DFD0F006BFF33 /* textureAtlas.json */ = {isa = PBXFileReference; fileEncoding = 4; lastKnownFileType = text.json; path = textureAtlas.json; sourceTree = "<group>"; };
		E3386724297DFD0F006BFF33 /* MailPilotDemoProject.tps */ = {isa = PBXFileReference; fileEncoding = 4; lastKnownFileType = text.xml; path = MailPilotDemoProject.tps; sourceTree = "<group>"; };
		E3386726297DFD0F006BFF33 /* dock51.woff */ = {isa = PBXFileReference; lastKnownFileType = file; path = dock51.woff; sourceTree = "<group>"; };
		E3386727297DFD0F006BFF33 /* dock51.woff2 */ = {isa = PBXFileReference; lastKnownFileType = file; path = dock51.woff2; sourceTree = "<group>"; };
		E3386728297DFD0F006BFF33 /* Dock51.ttf */ = {isa = PBXFileReference; lastKnownFileType = file; path = Dock51.ttf; sourceTree = "<group>"; };
		E338675F297DFDB1006BFF33 /* ocean.png */ = {isa = PBXFileReference; lastKnownFileType = image.png; name = ocean.png; path = ../../../../../Downloads/ocean.png; sourceTree = "<group>"; };
		E3386762297DFEE5006BFF33 /* Ocean.swift */ = {isa = PBXFileReference; lastKnownFileType = sourcecode.swift; path = Ocean.swift; sourceTree = "<group>"; };
/* End PBXFileReference section */

/* Begin PBXFrameworksBuildPhase section */
		E338664F297DF06E006BFF33 /* Frameworks */ = {
			isa = PBXFrameworksBuildPhase;
			buildActionMask = 2147483647;
			files = (
			);
			runOnlyForDeploymentPostprocessing = 0;
		};
/* End PBXFrameworksBuildPhase section */

/* Begin PBXGroup section */
		E3386649297DF06E006BFF33 = {
			isa = PBXGroup;
			children = (
				E3386654297DF06E006BFF33 /* MAPD724-W2023-ICE1A */,
				E3386653297DF06E006BFF33 /* Products */,
			);
			sourceTree = "<group>";
		};
		E3386653297DF06E006BFF33 /* Products */ = {
			isa = PBXGroup;
			children = (
				E3386652297DF06E006BFF33 /* MAPD724-W2023-ICE1A.app */,
			);
			name = Products;
			sourceTree = "<group>";
		};
		E3386654297DF06E006BFF33 /* MAPD724-W2023-ICE1A */ = {
			isa = PBXGroup;
			children = (
				E3386761297DFEC5006BFF33 /* GameObjects */,
				E33866E2297DF463006BFF33 /* Core */,
				E33866EE297DFD0F006BFF33 /* Assets */,
				E3386655297DF06E006BFF33 /* AppDelegate.swift */,
				E3386657297DF06E006BFF33 /* GameScene.sks */,
				E3386659297DF06E006BFF33 /* Actions.sks */,
				E338665B297DF06E006BFF33 /* GameScene.swift */,
				E338665D297DF06E006BFF33 /* GameViewController.swift */,
				E338665F297DF06E006BFF33 /* Main.storyboard */,
				E3386662297DF06F006BFF33 /* Assets.xcassets */,
				E3386664297DF06F006BFF33 /* LaunchScreen.storyboard */,
			);
			path = "MAPD724-W2023-ICE1A";
			sourceTree = "<group>";
		};
		E33866E2297DF463006BFF33 /* Core */ = {
			isa = PBXGroup;
			children = (
				E33866E3297DF48B006BFF33 /* GameObject.swift */,
				E33866E5297DF94F006BFF33 /* GameProtocol.swift */,
			);
			path = Core;
			sourceTree = "<group>";
		};
		E33866EE297DFD0F006BFF33 /* Assets */ = {
			isa = PBXGroup;
			children = (
				E33866EF297DFD0F006BFF33 /* images */,
				E3386719297DFD0F006BFF33 /* audio */,
				E3386721297DFD0F006BFF33 /* sprites */,
				E3386725297DFD0F006BFF33 /* fonts */,
			);
			name = Assets;
			path = ../../Assets;
			sourceTree = "<group>";
		};
		E33866EF297DFD0F006BFF33 /* images */ = {
			isa = PBXGroup;
			children = (
				E338675F297DFDB1006BFF33 /* ocean.png */,
				E33866F0297DFD0F006BFF33 /* bullet.png */,
				E33866F1297DFD0F006BFF33 /* plane3.png */,
				E33866F2297DFD0F006BFF33 /* plane2.png */,
				E33866F3297DFD0F006BFF33 /* plane1.png */,
				E33866F4297DFD0F006BFF33 /* backButton.png */,
				E33866F5297DFD0F006BFF33 /* plane.png */,
				E33866F6297DFD0F006BFF33 /* island.png */,
				E33866F7297DFD0F006BFF33 /* planeflash2.png */,
				E33866F8297DFD0F006BFF33 /* clickMeButton.png */,
				E33866F9297DFD0F006BFF33 /* planeflash1.png */,
				E33866FA297DFD0F006BFF33 /* ocean.gif */,
				E33866FB297DFD0F006BFF33 /* coin08.png */,
				E33866FC297DFD0F006BFF33 /* coin09.png */,
				E33866FD297DFD0F006BFF33 /* restartButton.png */,
				E33866FE297DFD0F006BFF33 /* coin10.png */,
				E33866FF297DFD0F006BFF33 /* coin04.png */,
				E3386700297DFD0F006BFF33 /* smallexplosion4.png */,
				E3386701297DFD0F006BFF33 /* smallexplosion5.png */,
				E3386702297DFD0F006BFF33 /* coin05.png */,
				E3386703297DFD0F006BFF33 /* coin07.png */,
				E3386704297DFD0F006BFF33 /* smallexplosion6.png */,
				E3386705297DFD0F006BFF33 /* coin06.png */,
				E3386706297DFD0F006BFF33 /* cloud.png */,
				E3386707297DFD0F006BFF33 /* coin02.png */,
				E3386708297DFD0F006BFF33 /* smallexplosion2.png */,
				E3386709297DFD0F006BFF33 /* smallexplosion3.png */,
				E338670A297DFD0F006BFF33 /* coin03.png */,
				E338670B297DFD0F006BFF33 /* coin01.png */,
				E338670C297DFD0F006BFF33 /* smallexplosion1.png */,
				E338670D297DFD0F006BFF33 /* nextButton.png */,
				E338670E297DFD0F006BFF33 /* explosion1.png */,
				E338670F297DFD0F006BFF33 /* enemy1.png */,
				E3386710297DFD0F006BFF33 /* explosion2.png */,
				E3386711297DFD0F006BFF33 /* enemy3.png */,
				E3386712297DFD0F006BFF33 /* enemy2.png */,
				E3386713297DFD0F006BFF33 /* explosion3.png */,
				E3386714297DFD0F006BFF33 /* explosion7.png */,
				E3386715297DFD0F006BFF33 /* startButton.png */,
				E3386716297DFD0F006BFF33 /* explosion6.png */,
				E3386717297DFD0F006BFF33 /* explosion4.png */,
				E3386718297DFD0F006BFF33 /* explosion5.png */,
			);
			path = images;
			sourceTree = "<group>";
		};
		E3386719297DFD0F006BFF33 /* audio */ = {
			isa = PBXGroup;
			children = (
				E338671A297DFD0F006BFF33 /* life.wav */,
				E338671B297DFD0F006BFF33 /* explosion.mp3 */,
				E338671C297DFD0F006BFF33 /* thunder.ogg */,
				E338671D297DFD0F006BFF33 /* yay.ogg */,
				E338671E297DFD0F006BFF33 /* engine.ogg */,
				E338671F297DFD0F006BFF33 /* coin.wav */,
				E3386720297DFD0F006BFF33 /* bullet.mp3 */,
			);
			path = audio;
			sourceTree = "<group>";
		};
		E3386721297DFD0F006BFF33 /* sprites */ = {
			isa = PBXGroup;
			children = (
				E3386722297DFD0F006BFF33 /* textureAtlas.png */,
				E3386723297DFD0F006BFF33 /* textureAtlas.json */,
				E3386724297DFD0F006BFF33 /* MailPilotDemoProject.tps */,
			);
			path = sprites;
			sourceTree = "<group>";
		};
		E3386725297DFD0F006BFF33 /* fonts */ = {
			isa = PBXGroup;
			children = (
				E3386726297DFD0F006BFF33 /* dock51.woff */,
				E3386727297DFD0F006BFF33 /* dock51.woff2 */,
				E3386728297DFD0F006BFF33 /* Dock51.ttf */,
			);
			path = fonts;
			sourceTree = "<group>";
		};
		E3386761297DFEC5006BFF33 /* GameObjects */ = {
			isa = PBXGroup;
			children = (
				E3386762297DFEE5006BFF33 /* Ocean.swift */,
			);
			path = GameObjects;
			sourceTree = "<group>";
		};
/* End PBXGroup section */

/* Begin PBXNativeTarget section */
		E3386651297DF06E006BFF33 /* MAPD724-W2023-ICE1A */ = {
			isa = PBXNativeTarget;
			buildConfigurationList = E3386669297DF06F006BFF33 /* Build configuration list for PBXNativeTarget "MAPD724-W2023-ICE1A" */;
			buildPhases = (
				E338664E297DF06E006BFF33 /* Sources */,
				E338664F297DF06E006BFF33 /* Frameworks */,
				E3386650297DF06E006BFF33 /* Resources */,
			);
			buildRules = (
			);
			dependencies = (
			);
			name = "MAPD724-W2023-ICE1A";
			productName = "MAPD724-W2023-ICE1A";
			productReference = E3386652297DF06E006BFF33 /* MAPD724-W2023-ICE1A.app */;
			productType = "com.apple.product-type.application";
		};
/* End PBXNativeTarget section */

/* Begin PBXProject section */
		E338664A297DF06E006BFF33 /* Project object */ = {
			isa = PBXProject;
			attributes = {
				BuildIndependentTargetsInParallel = 1;
				LastSwiftUpdateCheck = 1420;
				LastUpgradeCheck = 1420;
				TargetAttributes = {
					E3386651297DF06E006BFF33 = {
						CreatedOnToolsVersion = 14.2;
					};
				};
			};
			buildConfigurationList = E338664D297DF06E006BFF33 /* Build configuration list for PBXProject "MAPD724-W2023-ICE1A" */;
			compatibilityVersion = "Xcode 14.0";
			developmentRegion = en;
			hasScannedForEncodings = 0;
			knownRegions = (
				en,
				Base,
			);
			mainGroup = E3386649297DF06E006BFF33;
			productRefGroup = E3386653297DF06E006BFF33 /* Products */;
			projectDirPath = "";
			projectRoot = "";
			targets = (
				E3386651297DF06E006BFF33 /* MAPD724-W2023-ICE1A */,
			);
		};
/* End PBXProject section */

/* Begin PBXResourcesBuildPhase section */
		E3386650297DF06E006BFF33 /* Resources */ = {
			isa = PBXResourcesBuildPhase;
			buildActionMask = 2147483647;
			files = (
				E338673C297DFD0F006BFF33 /* coin07.png in Resources */,
				E3386751297DFD0F006BFF33 /* explosion5.png in Resources */,
				E3386748297DFD0F006BFF33 /* enemy1.png in Resources */,
				E3386738297DFD0F006BFF33 /* coin04.png in Resources */,
				E3386736297DFD0F006BFF33 /* restartButton.png in Resources */,
				E3386749297DFD0F006BFF33 /* explosion2.png in Resources */,
				E338672F297DFD0F006BFF33 /* island.png in Resources */,
				E3386742297DFD0F006BFF33 /* smallexplosion3.png in Resources */,
				E338674E297DFD0F006BFF33 /* startButton.png in Resources */,
				E338675C297DFD0F006BFF33 /* dock51.woff in Resources */,
				E3386661297DF06E006BFF33 /* Main.storyboard in Resources */,
				E338673A297DFD0F006BFF33 /* smallexplosion5.png in Resources */,
				E3386752297DFD0F006BFF33 /* life.wav in Resources */,
				E3386753297DFD0F006BFF33 /* explosion.mp3 in Resources */,
				E3386754297DFD0F006BFF33 /* thunder.ogg in Resources */,
				E338672C297DFD0F006BFF33 /* plane1.png in Resources */,
				E3386733297DFD0F006BFF33 /* ocean.gif in Resources */,
				E338674F297DFD0F006BFF33 /* explosion6.png in Resources */,
				E338674C297DFD0F006BFF33 /* explosion3.png in Resources */,
				E3386750297DFD0F006BFF33 /* explosion4.png in Resources */,
				E3386745297DFD0F006BFF33 /* smallexplosion1.png in Resources */,
				E3386743297DFD0F006BFF33 /* coin03.png in Resources */,
				E3386760297DFDB1006BFF33 /* ocean.png in Resources */,
				E3386730297DFD0F006BFF33 /* planeflash2.png in Resources */,
				E338672D297DFD0F006BFF33 /* backButton.png in Resources */,
				E338675E297DFD0F006BFF33 /* Dock51.ttf in Resources */,
				E3386741297DFD0F006BFF33 /* smallexplosion2.png in Resources */,
				E3386734297DFD0F006BFF33 /* coin08.png in Resources */,
				E3386755297DFD0F006BFF33 /* yay.ogg in Resources */,
				E3386735297DFD0F006BFF33 /* coin09.png in Resources */,
				E3386746297DFD0F006BFF33 /* nextButton.png in Resources */,
				E338675D297DFD0F006BFF33 /* dock51.woff2 in Resources */,
				E3386740297DFD0F006BFF33 /* coin02.png in Resources */,
				E338673D297DFD0F006BFF33 /* smallexplosion6.png in Resources */,
				E338675A297DFD0F006BFF33 /* textureAtlas.json in Resources */,
				E338674B297DFD0F006BFF33 /* enemy2.png in Resources */,
				E338674D297DFD0F006BFF33 /* explosion7.png in Resources */,
				E338673B297DFD0F006BFF33 /* coin05.png in Resources */,
				E3386729297DFD0F006BFF33 /* bullet.png in Resources */,
				E3386731297DFD0F006BFF33 /* clickMeButton.png in Resources */,
				E3386739297DFD0F006BFF33 /* smallexplosion4.png in Resources */,
				E3386658297DF06E006BFF33 /* GameScene.sks in Resources */,
				E3386663297DF06F006BFF33 /* Assets.xcassets in Resources */,
				E338673E297DFD0F006BFF33 /* coin06.png in Resources */,
				E3386759297DFD0F006BFF33 /* textureAtlas.png in Resources */,
				E3386666297DF06F006BFF33 /* LaunchScreen.storyboard in Resources */,
				E3386732297DFD0F006BFF33 /* planeflash1.png in Resources */,
				E3386737297DFD0F006BFF33 /* coin10.png in Resources */,
				E3386758297DFD0F006BFF33 /* bullet.mp3 in Resources */,
				E3386744297DFD0F006BFF33 /* coin01.png in Resources */,
				E3386756297DFD0F006BFF33 /* engine.ogg in Resources */,
				E338673F297DFD0F006BFF33 /* cloud.png in Resources */,
				E338672A297DFD0F006BFF33 /* plane3.png in Resources */,
				E338672E297DFD0F006BFF33 /* plane.png in Resources */,
				E338674A297DFD0F006BFF33 /* enemy3.png in Resources */,
				E338665A297DF06E006BFF33 /* Actions.sks in Resources */,
				E338675B297DFD0F006BFF33 /* MailPilotDemoProject.tps in Resources */,
				E3386757297DFD0F006BFF33 /* coin.wav in Resources */,
				E338672B297DFD0F006BFF33 /* plane2.png in Resources */,
				E3386747297DFD0F006BFF33 /* explosion1.png in Resources */,
			);
			runOnlyForDeploymentPostprocessing = 0;
		};
/* End PBXResourcesBuildPhase section */

/* Begin PBXSourcesBuildPhase section */
		E338664E297DF06E006BFF33 /* Sources */ = {
			isa = PBXSourcesBuildPhase;
			buildActionMask = 2147483647;
			files = (
				E33866E4297DF48B006BFF33 /* GameObject.swift in Sources */,
				E33866E6297DF94F006BFF33 /* GameProtocol.swift in Sources */,
				E338665C297DF06E006BFF33 /* GameScene.swift in Sources */,
				E338665E297DF06E006BFF33 /* GameViewController.swift in Sources */,
				E3386763297DFEE5006BFF33 /* Ocean.swift in Sources */,
				E3386656297DF06E006BFF33 /* AppDelegate.swift in Sources */,
			);
			runOnlyForDeploymentPostprocessing = 0;
		};
/* End PBXSourcesBuildPhase section */

/* Begin PBXVariantGroup section */
		E338665F297DF06E006BFF33 /* Main.storyboard */ = {
			isa = PBXVariantGroup;
			children = (
				E3386660297DF06E006BFF33 /* Base */,
			);
			name = Main.storyboard;
			sourceTree = "<group>";
		};
		E3386664297DF06F006BFF33 /* LaunchScreen.storyboard */ = {
			isa = PBXVariantGroup;
			children = (
				E3386665297DF06F006BFF33 /* Base */,
			);
			name = LaunchScreen.storyboard;
			sourceTree = "<group>";
		};
/* End PBXVariantGroup section */

/* Begin XCBuildConfiguration section */
		E3386667297DF06F006BFF33 /* Debug */ = {
			isa = XCBuildConfiguration;
			buildSettings = {
				ALWAYS_SEARCH_USER_PATHS = NO;
				CLANG_ANALYZER_NONNULL = YES;
				CLANG_ANALYZER_NUMBER_OBJECT_CONVERSION = YES_AGGRESSIVE;
				CLANG_CXX_LANGUAGE_STANDARD = "gnu++20";
				CLANG_ENABLE_MODULES = YES;
				CLANG_ENABLE_OBJC_ARC = YES;
				CLANG_ENABLE_OBJC_WEAK = YES;
				CLANG_WARN_BLOCK_CAPTURE_AUTORELEASING = YES;
				CLANG_WARN_BOOL_CONVERSION = YES;
				CLANG_WARN_COMMA = YES;
				CLANG_WARN_CONSTANT_CONVERSION = YES;
				CLANG_WARN_DEPRECATED_OBJC_IMPLEMENTATIONS = YES;
				CLANG_WARN_DIRECT_OBJC_ISA_USAGE = YES_ERROR;
				CLANG_WARN_DOCUMENTATION_COMMENTS = YES;
				CLANG_WARN_EMPTY_BODY = YES;
				CLANG_WARN_ENUM_CONVERSION = YES;
				CLANG_WARN_INFINITE_RECURSION = YES;
				CLANG_WARN_INT_CONVERSION = YES;
				CLANG_WARN_NON_LITERAL_NULL_CONVERSION = YES;
				CLANG_WARN_OBJC_IMPLICIT_RETAIN_SELF = YES;
				CLANG_WARN_OBJC_LITERAL_CONVERSION = YES;
				CLANG_WARN_OBJC_ROOT_CLASS = YES_ERROR;
				CLANG_WARN_QUOTED_INCLUDE_IN_FRAMEWORK_HEADER = YES;
				CLANG_WARN_RANGE_LOOP_ANALYSIS = YES;
				CLANG_WARN_STRICT_PROTOTYPES = YES;
				CLANG_WARN_SUSPICIOUS_MOVE = YES;
				CLANG_WARN_UNGUARDED_AVAILABILITY = YES_AGGRESSIVE;
				CLANG_WARN_UNREACHABLE_CODE = YES;
				CLANG_WARN__DUPLICATE_METHOD_MATCH = YES;
				COPY_PHASE_STRIP = NO;
				DEBUG_INFORMATION_FORMAT = dwarf;
				ENABLE_STRICT_OBJC_MSGSEND = YES;
				ENABLE_TESTABILITY = YES;
				GCC_C_LANGUAGE_STANDARD = gnu11;
				GCC_DYNAMIC_NO_PIC = NO;
				GCC_NO_COMMON_BLOCKS = YES;
				GCC_OPTIMIZATION_LEVEL = 0;
				GCC_PREPROCESSOR_DEFINITIONS = (
					"DEBUG=1",
					"$(inherited)",
				);
				GCC_WARN_64_TO_32_BIT_CONVERSION = YES;
				GCC_WARN_ABOUT_RETURN_TYPE = YES_ERROR;
				GCC_WARN_UNDECLARED_SELECTOR = YES;
				GCC_WARN_UNINITIALIZED_AUTOS = YES_AGGRESSIVE;
				GCC_WARN_UNUSED_FUNCTION = YES;
				GCC_WARN_UNUSED_VARIABLE = YES;
				IPHONEOS_DEPLOYMENT_TARGET = 16.2;
				MTL_ENABLE_DEBUG_INFO = INCLUDE_SOURCE;
				MTL_FAST_MATH = YES;
				ONLY_ACTIVE_ARCH = YES;
				SDKROOT = iphoneos;
				SWIFT_ACTIVE_COMPILATION_CONDITIONS = DEBUG;
				SWIFT_OPTIMIZATION_LEVEL = "-Onone";
			};
			name = Debug;
		};
		E3386668297DF06F006BFF33 /* Release */ = {
			isa = XCBuildConfiguration;
			buildSettings = {
				ALWAYS_SEARCH_USER_PATHS = NO;
				CLANG_ANALYZER_NONNULL = YES;
				CLANG_ANALYZER_NUMBER_OBJECT_CONVERSION = YES_AGGRESSIVE;
				CLANG_CXX_LANGUAGE_STANDARD = "gnu++20";
				CLANG_ENABLE_MODULES = YES;
				CLANG_ENABLE_OBJC_ARC = YES;
				CLANG_ENABLE_OBJC_WEAK = YES;
				CLANG_WARN_BLOCK_CAPTURE_AUTORELEASING = YES;
				CLANG_WARN_BOOL_CONVERSION = YES;
				CLANG_WARN_COMMA = YES;
				CLANG_WARN_CONSTANT_CONVERSION = YES;
				CLANG_WARN_DEPRECATED_OBJC_IMPLEMENTATIONS = YES;
				CLANG_WARN_DIRECT_OBJC_ISA_USAGE = YES_ERROR;
				CLANG_WARN_DOCUMENTATION_COMMENTS = YES;
				CLANG_WARN_EMPTY_BODY = YES;
				CLANG_WARN_ENUM_CONVERSION = YES;
				CLANG_WARN_INFINITE_RECURSION = YES;
				CLANG_WARN_INT_CONVERSION = YES;
				CLANG_WARN_NON_LITERAL_NULL_CONVERSION = YES;
				CLANG_WARN_OBJC_IMPLICIT_RETAIN_SELF = YES;
				CLANG_WARN_OBJC_LITERAL_CONVERSION = YES;
				CLANG_WARN_OBJC_ROOT_CLASS = YES_ERROR;
				CLANG_WARN_QUOTED_INCLUDE_IN_FRAMEWORK_HEADER = YES;
				CLANG_WARN_RANGE_LOOP_ANALYSIS = YES;
				CLANG_WARN_STRICT_PROTOTYPES = YES;
				CLANG_WARN_SUSPICIOUS_MOVE = YES;
				CLANG_WARN_UNGUARDED_AVAILABILITY = YES_AGGRESSIVE;
				CLANG_WARN_UNREACHABLE_CODE = YES;
				CLANG_WARN__DUPLICATE_METHOD_MATCH = YES;
				COPY_PHASE_STRIP = NO;
				DEBUG_INFORMATION_FORMAT = "dwarf-with-dsym";
				ENABLE_NS_ASSERTIONS = NO;
				ENABLE_STRICT_OBJC_MSGSEND = YES;
				GCC_C_LANGUAGE_STANDARD = gnu11;
				GCC_NO_COMMON_BLOCKS = YES;
				GCC_WARN_64_TO_32_BIT_CONVERSION = YES;
				GCC_WARN_ABOUT_RETURN_TYPE = YES_ERROR;
				GCC_WARN_UNDECLARED_SELECTOR = YES;
				GCC_WARN_UNINITIALIZED_AUTOS = YES_AGGRESSIVE;
				GCC_WARN_UNUSED_FUNCTION = YES;
				GCC_WARN_UNUSED_VARIABLE = YES;
				IPHONEOS_DEPLOYMENT_TARGET = 16.2;
				MTL_ENABLE_DEBUG_INFO = NO;
				MTL_FAST_MATH = YES;
				SDKROOT = iphoneos;
				SWIFT_COMPILATION_MODE = wholemodule;
				SWIFT_OPTIMIZATION_LEVEL = "-O";
				VALIDATE_PRODUCT = YES;
			};
			name = Release;
		};
		E338666A297DF06F006BFF33 /* Debug */ = {
			isa = XCBuildConfiguration;
			buildSettings = {
				ASSETCATALOG_COMPILER_APPICON_NAME = AppIcon;
				ASSETCATALOG_COMPILER_GLOBAL_ACCENT_COLOR_NAME = AccentColor;
				CODE_SIGN_STYLE = Automatic;
				CURRENT_PROJECT_VERSION = 1;
				GENERATE_INFOPLIST_FILE = YES;
				INFOPLIST_KEY_UIApplicationSupportsIndirectInputEvents = YES;
				INFOPLIST_KEY_UILaunchStoryboardName = LaunchScreen;
				INFOPLIST_KEY_UIMainStoryboardFile = Main;
				INFOPLIST_KEY_UIStatusBarHidden = YES;
				INFOPLIST_KEY_UISupportedInterfaceOrientations_iPad = "UIInterfaceOrientationPortrait UIInterfaceOrientationPortraitUpsideDown UIInterfaceOrientationLandscapeLeft UIInterfaceOrientationLandscapeRight";
				INFOPLIST_KEY_UISupportedInterfaceOrientations_iPhone = "UIInterfaceOrientationPortrait UIInterfaceOrientationLandscapeLeft UIInterfaceOrientationLandscapeRight";
				LD_RUNPATH_SEARCH_PATHS = (
					"$(inherited)",
					"@executable_path/Frameworks",
				);
				MARKETING_VERSION = 1.0;
				PRODUCT_BUNDLE_IDENTIFIER = "CentennialCollege.MAPD724-W2023-ICE1A";
				PRODUCT_NAME = "$(TARGET_NAME)";
				SWIFT_EMIT_LOC_STRINGS = YES;
				SWIFT_VERSION = 5.0;
				TARGETED_DEVICE_FAMILY = "1,2";
			};
			name = Debug;
		};
		E338666B297DF06F006BFF33 /* Release */ = {
			isa = XCBuildConfiguration;
			buildSettings = {
				ASSETCATALOG_COMPILER_APPICON_NAME = AppIcon;
				ASSETCATALOG_COMPILER_GLOBAL_ACCENT_COLOR_NAME = AccentColor;
				CODE_SIGN_STYLE = Automatic;
				CURRENT_PROJECT_VERSION = 1;
				GENERATE_INFOPLIST_FILE = YES;
				INFOPLIST_KEY_UIApplicationSupportsIndirectInputEvents = YES;
				INFOPLIST_KEY_UILaunchStoryboardName = LaunchScreen;
				INFOPLIST_KEY_UIMainStoryboardFile = Main;
				INFOPLIST_KEY_UIStatusBarHidden = YES;
				INFOPLIST_KEY_UISupportedInterfaceOrientations_iPad = "UIInterfaceOrientationPortrait UIInterfaceOrientationPortraitUpsideDown UIInterfaceOrientationLandscapeLeft UIInterfaceOrientationLandscapeRight";
				INFOPLIST_KEY_UISupportedInterfaceOrientations_iPhone = "UIInterfaceOrientationPortrait UIInterfaceOrientationLandscapeLeft UIInterfaceOrientationLandscapeRight";
				LD_RUNPATH_SEARCH_PATHS = (
					"$(inherited)",
					"@executable_path/Frameworks",
				);
				MARKETING_VERSION = 1.0;
				PRODUCT_BUNDLE_IDENTIFIER = "CentennialCollege.MAPD724-W2023-ICE1A";
				PRODUCT_NAME = "$(TARGET_NAME)";
				SWIFT_EMIT_LOC_STRINGS = YES;
				SWIFT_VERSION = 5.0;
				TARGETED_DEVICE_FAMILY = "1,2";
			};
			name = Release;
		};
/* End XCBuildConfiguration section */

/* Begin XCConfigurationList section */
		E338664D297DF06E006BFF33 /* Build configuration list for PBXProject "MAPD724-W2023-ICE1A" */ = {
			isa = XCConfigurationList;
			buildConfigurations = (
				E3386667297DF06F006BFF33 /* Debug */,
				E3386668297DF06F006BFF33 /* Release */,
			);
			defaultConfigurationIsVisible = 0;
			defaultConfigurationName = Release;
		};
		E3386669297DF06F006BFF33 /* Build configuration list for PBXNativeTarget "MAPD724-W2023-ICE1A" */ = {
			isa = XCConfigurationList;
			buildConfigurations = (
				E338666A297DF06F006BFF33 /* Debug */,
				E338666B297DF06F006BFF33 /* Release */,
			);
			defaultConfigurationIsVisible = 0;
			defaultConfigurationName = Release;
		};
/* End XCConfigurationList section */
	};
	rootObject = E338664A297DF06E006BFF33 /* Project object */;
}
